
Microsoft Visual Studio Solution File, Format Version 12.00
# Visual Studio Version 16
VisualStudioVersion = 16.6.30114.105
MinimumVisualStudioVersion = 10.0.40219.1
Project("{9A19103F-16F7-4668-BE54-9A1E7A4F7556}") = "Test Runner", "Test Runner.csproj", "{C91C1B78-22CF-4A6C-93D3-34D461C74E86}"
EndProject
Global
	GlobalSection(SolutionConfigurationPlatforms) = preSolution
		Debug|Any CPU = Debug|Any CPU
		Debug|x64 = Debug|x64
		Debug|x86 = Debug|x86
		Release|Any CPU = Release|Any CPU
		Release|x64 = Release|x64
		Release|x86 = Release|x86
	EndGlobalSection
	GlobalSection(ProjectConfigurationPlatforms) = postSolution
		{C91C1B78-22CF-4A6C-93D3-34D461C74E86}.Debug|Any CPU.ActiveCfg = Debug|Any CPU
		{C91C1B78-22CF-4A6C-93D3-34D461C74E86}.Debug|Any CPU.Build.0 = Debug|Any CPU
		{C91C1B78-22CF-4A6C-93D3-34D461C74E86}.Debug|x64.ActiveCfg = Debug|Any CPU
		{C91C1B78-22CF-4A6C-93D3-34D461C74E86}.Debug|x64.Build.0 = Debug|Any CPU
		{C91C1B78-22CF-4A6C-93D3-34D461C74E86}.Debug|x86.ActiveCfg = Debug|Any CPU
		{C91C1B78-22CF-4A6C-93D3-34D461C74E86}.Debug|x86.Build.0 = Debug|Any CPU
		{C91C1B78-22CF-4A6C-93D3-34D461C74E86}.Release|Any CPU.ActiveCfg = Release|Any CPU
		{C91C1B78-22CF-4A6C-93D3-34D461C74E86}.Release|Any CPU.Build.0 = Release|Any CPU
		{C91C1B78-22CF-4A6C-93D3-34D461C74E86}.Release|x64.ActiveCfg = Release|Any CPU
		{C91C1B78-22CF-4A6C-93D3-34D461C74E86}.Release|x64.Build.0 = Release|Any CPU
		{C91C1B78-22CF-4A6C-93D3-34D461C74E86}.Release|x86.ActiveCfg = Release|Any CPU
		{C91C1B78-22CF-4A6C-93D3-34D461C74E86}.Release|x86.Build.0 = Release|Any CPU
	EndGlobalSection
	GlobalSection(SolutionProperties) = preSolution
		HideSolutionNode = FALSE
	EndGlobalSection
	GlobalSection(ExtensibilityGlobals) = postSolution
		SolutionGuid = {83B88625-834D-40AF-8446-2AA71D7D147E}
	EndGlobalSection
EndGlobal
